
Microsoft Visual Studio Solution File, Format Version 12.00
# Visual Studio Version 17
VisualStudioVersion = 17.14.36221.1 d17.14
MinimumVisualStudioVersion = 10.0.40219.1
Project("{FAE04EC0-301F-11D3-BF4B-00C04F79EFBC}") = "SpaceFacts", "SpaceFacts\SpaceFacts.csproj", "{CF150B80-DC88-4227-811C-C35C35FB7488}"
EndProject
Global
	GlobalSection(SolutionConfigurationPlatforms) = preSolution
		Debug|Any CPU = Debug|Any CPU
		Release|Any CPU = Release|Any CPU
	EndGlobalSection
	GlobalSection(ProjectConfigurationPlatforms) = postSolution
		{CF150B80-DC88-4227-811C-C35C35FB7488}.Debug|Any CPU.ActiveCfg = Debug|Any CPU
		{CF150B80-DC88-4227-811C-C35C35FB7488}.Debug|Any CPU.Build.0 = Debug|Any CPU
		{CF150B80-DC88-4227-811C-C35C35FB7488}.Release|Any CPU.ActiveCfg = Release|Any CPU
		{CF150B80-DC88-4227-811C-C35C35FB7488}.Release|Any CPU.Build.0 = Release|Any CPU
	EndGlobalSection
	GlobalSection(SolutionProperties) = preSolution
		HideSolutionNode = FALSE
	EndGlobalSection
	GlobalSection(ExtensibilityGlobals) = postSolution
		SolutionGuid = {0157A0B1-0C76-4B3E-8611-66DFD639EAE4}
	EndGlobalSection
EndGlobal
